
Microsoft Visual Studio Solution File, Format Version 12.00
# Visual Studio Version 16
VisualStudioVersion = 16.0.30011.22
MinimumVisualStudioVersion = 10.0.40219.1
Project("{FAE04EC0-301F-11D3-BF4B-00C04F79EFBC}") = "ATM", "ATM\ATM.csproj", "{C0467A20-1B64-4E8B-B79A-6F962EB1E532}"
EndProject
Global
	GlobalSection(SolutionConfigurationPlatforms) = preSolution
		Debug|Any CPU = Debug|Any CPU
		Release|Any CPU = Release|Any CPU
	EndGlobalSection
	GlobalSection(ProjectConfigurationPlatforms) = postSolution
		{C0467A20-1B64-4E8B-B79A-6F962EB1E532}.Debug|Any CPU.ActiveCfg = Debug|Any CPU
		{C0467A20-1B64-4E8B-B79A-6F962EB1E532}.Debug|Any CPU.Build.0 = Debug|Any CPU
		{C0467A20-1B64-4E8B-B79A-6F962EB1E532}.Release|Any CPU.ActiveCfg = Release|Any CPU
		{C0467A20-1B64-4E8B-B79A-6F962EB1E532}.Release|Any CPU.Build.0 = Release|Any CPU
	EndGlobalSection
	GlobalSection(SolutionProperties) = preSolution
		HideSolutionNode = FALSE
	EndGlobalSection
	GlobalSection(ExtensibilityGlobals) = postSolution
		SolutionGuid = {C3D56290-AE24-4E45-B70F-DF7C040EBC0C}
	EndGlobalSection
EndGlobal
